// !$*UTF8*$!
{
	archiveVersion = 1;
	classes = {
	};
	objectVersion = 46;
	objects = {

/* Begin PBXBuildFile section */
		3DA1475415B05E6B00B629CF /* icon.png in Resources */ = {isa = PBXBuildFile; fileRef = 3DA1475315B05E6B00B629CF /* icon.png */; };
		3DA1475715B05E7D00B629CF /* icon@2x.png in Resources */ = {isa = PBXBuildFile; fileRef = 3DA1475615B05E7D00B629CF /* icon@2x.png */; };
		3DA1475915B05F8B00B629CF /* Default.png in Resources */ = {isa = PBXBuildFile; fileRef = 3DA1475815B05F8B00B629CF /* Default.png */; };
		3DA1475B15B05F9300B629CF /* Default@2x.png in Resources */ = {isa = PBXBuildFile; fileRef = 3DA1475A15B05F9300B629CF /* Default@2x.png */; };
		3DC722BF15B05B5400D2D71C /* Foundation.framework in Frameworks */ = {isa = PBXBuildFile; fileRef = 3DC722BE15B05B5400D2D71C /* Foundation.framework */; };
		3DC722C115B05B5400D2D71C /* UIKit.framework in Frameworks */ = {isa = PBXBuildFile; fileRef = 3DC722C015B05B5400D2D71C /* UIKit.framework */; };
		3DC722C315B05B5400D2D71C /* CoreGraphics.framework in Frameworks */ = {isa = PBXBuildFile; fileRef = 3DC722C215B05B5400D2D71C /* CoreGraphics.framework */; };
		3DC722C515B05B5400D2D71C /* AddressBook.framework in Frameworks */ = {isa = PBXBuildFile; fileRef = 3DC722C415B05B5400D2D71C /* AddressBook.framework */; };
		3DC722C715B05B5400D2D71C /* AddressBookUI.framework in Frameworks */ = {isa = PBXBuildFile; fileRef = 3DC722C615B05B5400D2D71C /* AddressBookUI.framework */; };
		3DC722C915B05B5400D2D71C /* AudioToolbox.framework in Frameworks */ = {isa = PBXBuildFile; fileRef = 3DC722C815B05B5400D2D71C /* AudioToolbox.framework */; };
		3DC722CB15B05B5400D2D71C /* AVFoundation.framework in Frameworks */ = {isa = PBXBuildFile; fileRef = 3DC722CA15B05B5400D2D71C /* AVFoundation.framework */; };
		3DC722CD15B05B5400D2D71C /* CoreLocation.framework in Frameworks */ = {isa = PBXBuildFile; fileRef = 3DC722CC15B05B5400D2D71C /* CoreLocation.framework */; };
		3DC722CF15B05B5400D2D71C /* MediaPlayer.framework in Frameworks */ = {isa = PBXBuildFile; fileRef = 3DC722CE15B05B5400D2D71C /* MediaPlayer.framework */; };
		3DC722D115B05B5400D2D71C /* QuartzCore.framework in Frameworks */ = {isa = PBXBuildFile; fileRef = 3DC722D015B05B5400D2D71C /* QuartzCore.framework */; };
		3DC722D315B05B5400D2D71C /* SystemConfiguration.framework in Frameworks */ = {isa = PBXBuildFile; fileRef = 3DC722D215B05B5400D2D71C /* SystemConfiguration.framework */; };
		3DC722D515B05B5400D2D71C /* MobileCoreServices.framework in Frameworks */ = {isa = PBXBuildFile; fileRef = 3DC722D415B05B5400D2D71C /* MobileCoreServices.framework */; };
		3DC722D715B05B5400D2D71C /* CoreMedia.framework in Frameworks */ = {isa = PBXBuildFile; fileRef = 3DC722D615B05B5400D2D71C /* CoreMedia.framework */; };
		3DC722DD15B05B5400D2D71C /* InfoPlist.strings in Resources */ = {isa = PBXBuildFile; fileRef = 3DC722DB15B05B5400D2D71C /* InfoPlist.strings */; };
		3DC722DF15B05B5400D2D71C /* main.m in Sources */ = {isa = PBXBuildFile; fileRef = 3DC722DE15B05B5400D2D71C /* main.m */; };
		3DC722E215B05B5400D2D71C /* Cordova.framework in Frameworks */ = {isa = PBXBuildFile; fileRef = 3DC722E115B05B5400D2D71C /* Cordova.framework */; };
		3DC722E715B05B5400D2D71C /* Localizable.strings in Resources */ = {isa = PBXBuildFile; fileRef = 3DC722E515B05B5400D2D71C /* Localizable.strings */; };
		3DC722FA15B05B5400D2D71C /* icon-72.png in Resources */ = {isa = PBXBuildFile; fileRef = 3DC722F915B05B5400D2D71C /* icon-72.png */; };
		3DC7230115B05B5400D2D71C /* Capture.bundle in Resources */ = {isa = PBXBuildFile; fileRef = 3DC7230015B05B5400D2D71C /* Capture.bundle */; };
		3DC7230315B05B5400D2D71C /* Cordova.plist in Resources */ = {isa = PBXBuildFile; fileRef = 3DC7230215B05B5400D2D71C /* Cordova.plist */; };
		3DC7230715B05B5400D2D71C /* AppDelegate.m in Sources */ = {isa = PBXBuildFile; fileRef = 3DC7230615B05B5400D2D71C /* AppDelegate.m */; };
		3DC7230A15B05B5400D2D71C /* MainViewController.m in Sources */ = {isa = PBXBuildFile; fileRef = 3DC7230915B05B5400D2D71C /* MainViewController.m */; };
		3DC7230C15B05B5400D2D71C /* MainViewController.xib in Resources */ = {isa = PBXBuildFile; fileRef = 3DC7230B15B05B5400D2D71C /* MainViewController.xib */; };
		3DC7231615B05B6A00D2D71C /* App in Resources */ = {isa = PBXBuildFile; fileRef = 3DC7231515B05B6A00D2D71C /* App */; };
/* End PBXBuildFile section */

/* Begin PBXFileReference section */
		3DA1475315B05E6B00B629CF /* icon.png */ = {isa = PBXFileReference; lastKnownFileType = image.png; path = icon.png; sourceTree = "<group>"; };
		3DA1475615B05E7D00B629CF /* icon@2x.png */ = {isa = PBXFileReference; lastKnownFileType = image.png; path = "icon@2x.png"; sourceTree = "<group>"; };
		3DA1475815B05F8B00B629CF /* Default.png */ = {isa = PBXFileReference; lastKnownFileType = image.png; path = Default.png; sourceTree = "<group>"; };
		3DA1475A15B05F9300B629CF /* Default@2x.png */ = {isa = PBXFileReference; lastKnownFileType = image.png; path = "Default@2x.png"; sourceTree = "<group>"; };
		3DC722BA15B05B5400D2D71C /* Auphonic.app */ = {isa = PBXFileReference; explicitFileType = wrapper.application; includeInIndex = 0; path = Auphonic.app; sourceTree = BUILT_PRODUCTS_DIR; };
		3DC722BE15B05B5400D2D71C /* Foundation.framework */ = {isa = PBXFileReference; lastKnownFileType = wrapper.framework; name = Foundation.framework; path = System/Library/Frameworks/Foundation.framework; sourceTree = SDKROOT; };
		3DC722C015B05B5400D2D71C /* UIKit.framework */ = {isa = PBXFileReference; lastKnownFileType = wrapper.framework; name = UIKit.framework; path = System/Library/Frameworks/UIKit.framework; sourceTree = SDKROOT; };
		3DC722C215B05B5400D2D71C /* CoreGraphics.framework */ = {isa = PBXFileReference; lastKnownFileType = wrapper.framework; name = CoreGraphics.framework; path = System/Library/Frameworks/CoreGraphics.framework; sourceTree = SDKROOT; };
		3DC722C415B05B5400D2D71C /* AddressBook.framework */ = {isa = PBXFileReference; lastKnownFileType = wrapper.framework; name = AddressBook.framework; path = System/Library/Frameworks/AddressBook.framework; sourceTree = SDKROOT; };
		3DC722C615B05B5400D2D71C /* AddressBookUI.framework */ = {isa = PBXFileReference; lastKnownFileType = wrapper.framework; name = AddressBookUI.framework; path = System/Library/Frameworks/AddressBookUI.framework; sourceTree = SDKROOT; };
		3DC722C815B05B5400D2D71C /* AudioToolbox.framework */ = {isa = PBXFileReference; lastKnownFileType = wrapper.framework; name = AudioToolbox.framework; path = System/Library/Frameworks/AudioToolbox.framework; sourceTree = SDKROOT; };
		3DC722CA15B05B5400D2D71C /* AVFoundation.framework */ = {isa = PBXFileReference; lastKnownFileType = wrapper.framework; name = AVFoundation.framework; path = System/Library/Frameworks/AVFoundation.framework; sourceTree = SDKROOT; };
		3DC722CC15B05B5400D2D71C /* CoreLocation.framework */ = {isa = PBXFileReference; lastKnownFileType = wrapper.framework; name = CoreLocation.framework; path = System/Library/Frameworks/CoreLocation.framework; sourceTree = SDKROOT; };
		3DC722CE15B05B5400D2D71C /* MediaPlayer.framework */ = {isa = PBXFileReference; lastKnownFileType = wrapper.framework; name = MediaPlayer.framework; path = System/Library/Frameworks/MediaPlayer.framework; sourceTree = SDKROOT; };
		3DC722D015B05B5400D2D71C /* QuartzCore.framework */ = {isa = PBXFileReference; lastKnownFileType = wrapper.framework; name = QuartzCore.framework; path = System/Library/Frameworks/QuartzCore.framework; sourceTree = SDKROOT; };
		3DC722D215B05B5400D2D71C /* SystemConfiguration.framework */ = {isa = PBXFileReference; lastKnownFileType = wrapper.framework; name = SystemConfiguration.framework; path = System/Library/Frameworks/SystemConfiguration.framework; sourceTree = SDKROOT; };
		3DC722D415B05B5400D2D71C /* MobileCoreServices.framework */ = {isa = PBXFileReference; lastKnownFileType = wrapper.framework; name = MobileCoreServices.framework; path = System/Library/Frameworks/MobileCoreServices.framework; sourceTree = SDKROOT; };
		3DC722D615B05B5400D2D71C /* CoreMedia.framework */ = {isa = PBXFileReference; lastKnownFileType = wrapper.framework; name = CoreMedia.framework; path = System/Library/Frameworks/CoreMedia.framework; sourceTree = SDKROOT; };
		3DC722DA15B05B5400D2D71C /* Auphonic-Info.plist */ = {isa = PBXFileReference; lastKnownFileType = text.plist.xml; path = "Auphonic-Info.plist"; sourceTree = "<group>"; };
		3DC722DC15B05B5400D2D71C /* en */ = {isa = PBXFileReference; lastKnownFileType = text.plist.strings; name = en; path = en.lproj/InfoPlist.strings; sourceTree = "<group>"; };
		3DC722DE15B05B5400D2D71C /* main.m */ = {isa = PBXFileReference; lastKnownFileType = sourcecode.c.objc; path = main.m; sourceTree = "<group>"; };
		3DC722E015B05B5400D2D71C /* Auphonic-Prefix.pch */ = {isa = PBXFileReference; lastKnownFileType = sourcecode.c.h; path = "Auphonic-Prefix.pch"; sourceTree = "<group>"; };
		3DC722E115B05B5400D2D71C /* Cordova.framework */ = {isa = PBXFileReference; lastKnownFileType = wrapper.framework; name = Cordova.framework; path = /Users/Shared/Cordova/Frameworks/Cordova.framework; sourceTree = "<absolute>"; };
		3DC722E615B05B5400D2D71C /* en */ = {isa = PBXFileReference; lastKnownFileType = text.plist.strings; name = en; path = Resources/en.lproj/Localizable.strings; sourceTree = "<group>"; };
		3DC722EA15B05B5400D2D71C /* es */ = {isa = PBXFileReference; lastKnownFileType = text.plist.strings; name = es; path = Resources/es.lproj/Localizable.strings; sourceTree = "<group>"; };
		3DC722EE15B05B5400D2D71C /* de */ = {isa = PBXFileReference; lastKnownFileType = text.plist.strings; name = de; path = Resources/de.lproj/Localizable.strings; sourceTree = "<group>"; };
		3DC722F215B05B5400D2D71C /* se */ = {isa = PBXFileReference; lastKnownFileType = text.plist.strings; name = se; path = Resources/se.lproj/Localizable.strings; sourceTree = "<group>"; };
		3DC722F515B05B5400D2D71C /* icon.png */ = {isa = PBXFileReference; lastKnownFileType = image.png; name = icon.png; path = Resources/icons/icon.png; sourceTree = "<group>"; };
		3DC722F715B05B5400D2D71C /* icon@2x.png */ = {isa = PBXFileReference; lastKnownFileType = image.png; name = "icon@2x.png"; path = "Resources/icons/icon@2x.png"; sourceTree = "<group>"; };
		3DC722F915B05B5400D2D71C /* icon-72.png */ = {isa = PBXFileReference; lastKnownFileType = image.png; name = "icon-72.png"; path = "Resources/icons/icon-72.png"; sourceTree = "<group>"; };
		3DC722FC15B05B5400D2D71C /* Default~iphone.png */ = {isa = PBXFileReference; lastKnownFileType = image.png; name = "Default~iphone.png"; path = "Resources/splash/Default~iphone.png"; sourceTree = "<group>"; };
		3DC722FE15B05B5400D2D71C /* Default@2x~iphone.png */ = {isa = PBXFileReference; lastKnownFileType = image.png; name = "Default@2x~iphone.png"; path = "Resources/splash/Default@2x~iphone.png"; sourceTree = "<group>"; };
		3DC7230015B05B5400D2D71C /* Capture.bundle */ = {isa = PBXFileReference; lastKnownFileType = "wrapper.plug-in"; name = Capture.bundle; path = Resources/Capture.bundle; sourceTree = "<group>"; };
		3DC7230215B05B5400D2D71C /* Cordova.plist */ = {isa = PBXFileReference; lastKnownFileType = text.plist.xml; path = Cordova.plist; sourceTree = "<group>"; };
		3DC7230515B05B5400D2D71C /* AppDelegate.h */ = {isa = PBXFileReference; lastKnownFileType = sourcecode.c.h; name = AppDelegate.h; path = Classes/AppDelegate.h; sourceTree = "<group>"; };
		3DC7230615B05B5400D2D71C /* AppDelegate.m */ = {isa = PBXFileReference; lastKnownFileType = sourcecode.c.objc; name = AppDelegate.m; path = Classes/AppDelegate.m; sourceTree = "<group>"; };
		3DC7230815B05B5400D2D71C /* MainViewController.h */ = {isa = PBXFileReference; lastKnownFileType = sourcecode.c.h; name = MainViewController.h; path = Classes/MainViewController.h; sourceTree = "<group>"; };
		3DC7230915B05B5400D2D71C /* MainViewController.m */ = {isa = PBXFileReference; lastKnownFileType = sourcecode.c.objc; name = MainViewController.m; path = Classes/MainViewController.m; sourceTree = "<group>"; };
		3DC7230B15B05B5400D2D71C /* MainViewController.xib */ = {isa = PBXFileReference; lastKnownFileType = file.xib; name = MainViewController.xib; path = Classes/MainViewController.xib; sourceTree = "<group>"; };
		3DC7230E15B05B5400D2D71C /* README */ = {isa = PBXFileReference; lastKnownFileType = text; name = README; path = Plugins/README; sourceTree = "<group>"; };
		3DC7230F15B05B5400D2D71C /* verify.sh */ = {isa = PBXFileReference; lastKnownFileType = text.script.sh; path = verify.sh; sourceTree = "<group>"; };
		3DC7231515B05B6A00D2D71C /* App */ = {isa = PBXFileReference; lastKnownFileType = folder; name = App; path = ../App; sourceTree = "<group>"; };
/* End PBXFileReference section */

/* Begin PBXFrameworksBuildPhase section */
		3DC722B415B05B5400D2D71C /* Frameworks */ = {
			isa = PBXFrameworksBuildPhase;
			buildActionMask = 2147483647;
			files = (
				3DC722BF15B05B5400D2D71C /* Foundation.framework in Frameworks */,
				3DC722C115B05B5400D2D71C /* UIKit.framework in Frameworks */,
				3DC722C315B05B5400D2D71C /* CoreGraphics.framework in Frameworks */,
				3DC722C515B05B5400D2D71C /* AddressBook.framework in Frameworks */,
				3DC722C715B05B5400D2D71C /* AddressBookUI.framework in Frameworks */,
				3DC722C915B05B5400D2D71C /* AudioToolbox.framework in Frameworks */,
				3DC722CB15B05B5400D2D71C /* AVFoundation.framework in Frameworks */,
				3DC722CD15B05B5400D2D71C /* CoreLocation.framework in Frameworks */,
				3DC722CF15B05B5400D2D71C /* MediaPlayer.framework in Frameworks */,
				3DC722D115B05B5400D2D71C /* QuartzCore.framework in Frameworks */,
				3DC722D315B05B5400D2D71C /* SystemConfiguration.framework in Frameworks */,
				3DC722D515B05B5400D2D71C /* MobileCoreServices.framework in Frameworks */,
				3DC722D715B05B5400D2D71C /* CoreMedia.framework in Frameworks */,
				3DC722E215B05B5400D2D71C /* Cordova.framework in Frameworks */,
			);
			runOnlyForDeploymentPostprocessing = 0;
		};
		3DC722B715B05B5400D2D71C /* Frameworks */ = {
			isa = PBXFrameworksBuildPhase;
			buildActionMask = 2147483647;
			files = (
			);
			runOnlyForDeploymentPostprocessing = 0;
		};
/* End PBXFrameworksBuildPhase section */

/* Begin PBXGroup section */
		3DC722AC15B05B5400D2D71C = {
			isa = PBXGroup;
			children = (
				3DA1475A15B05F9300B629CF /* Default@2x.png */,
				3DA1475815B05F8B00B629CF /* Default.png */,
				3DA1475615B05E7D00B629CF /* icon@2x.png */,
				3DA1475315B05E6B00B629CF /* icon.png */,
				3DC7231515B05B6A00D2D71C /* App */,
				3DC722D815B05B5400D2D71C /* Auphonic */,
				3DC722BD15B05B5400D2D71C /* Frameworks */,
				3DC722BB15B05B5400D2D71C /* Products */,
			);
			sourceTree = "<group>";
		};
		3DC722BB15B05B5400D2D71C /* Products */ = {
			isa = PBXGroup;
			children = (
				3DC722BA15B05B5400D2D71C /* Auphonic.app */,
			);
			name = Products;
			sourceTree = "<group>";
		};
		3DC722BD15B05B5400D2D71C /* Frameworks */ = {
			isa = PBXGroup;
			children = (
				3DC722BE15B05B5400D2D71C /* Foundation.framework */,
				3DC722C015B05B5400D2D71C /* UIKit.framework */,
				3DC722C215B05B5400D2D71C /* CoreGraphics.framework */,
				3DC722C415B05B5400D2D71C /* AddressBook.framework */,
				3DC722C615B05B5400D2D71C /* AddressBookUI.framework */,
				3DC722C815B05B5400D2D71C /* AudioToolbox.framework */,
				3DC722CA15B05B5400D2D71C /* AVFoundation.framework */,
				3DC722CC15B05B5400D2D71C /* CoreLocation.framework */,
				3DC722CE15B05B5400D2D71C /* MediaPlayer.framework */,
				3DC722D015B05B5400D2D71C /* QuartzCore.framework */,
				3DC722D215B05B5400D2D71C /* SystemConfiguration.framework */,
				3DC722D415B05B5400D2D71C /* MobileCoreServices.framework */,
				3DC722D615B05B5400D2D71C /* CoreMedia.framework */,
			);
			name = Frameworks;
			sourceTree = "<group>";
		};
		3DC722D815B05B5400D2D71C /* Auphonic */ = {
			isa = PBXGroup;
			children = (
				3DC722E115B05B5400D2D71C /* Cordova.framework */,
				3DC722E315B05B5400D2D71C /* Resources */,
				3DC7230415B05B5400D2D71C /* Classes */,
				3DC7230D15B05B5400D2D71C /* Plugins */,
				3DC722D915B05B5400D2D71C /* Supporting Files */,
			);
			path = Auphonic;
			sourceTree = "<group>";
		};
		3DC722D915B05B5400D2D71C /* Supporting Files */ = {
			isa = PBXGroup;
			children = (
				3DC722DA15B05B5400D2D71C /* Auphonic-Info.plist */,
				3DC722DB15B05B5400D2D71C /* InfoPlist.strings */,
				3DC722DE15B05B5400D2D71C /* main.m */,
				3DC722E015B05B5400D2D71C /* Auphonic-Prefix.pch */,
				3DC7230215B05B5400D2D71C /* Cordova.plist */,
				3DC7230B15B05B5400D2D71C /* MainViewController.xib */,
				3DC7230F15B05B5400D2D71C /* verify.sh */,
			);
			name = "Supporting Files";
			sourceTree = "<group>";
		};
		3DC722E315B05B5400D2D71C /* Resources */ = {
			isa = PBXGroup;
			children = (
				3DC7230015B05B5400D2D71C /* Capture.bundle */,
				3DC722E415B05B5400D2D71C /* en.lproj */,
				3DC722E815B05B5400D2D71C /* es.lproj */,
				3DC722EC15B05B5400D2D71C /* de.lproj */,
				3DC722F015B05B5400D2D71C /* se.lproj */,
				3DC722F415B05B5400D2D71C /* icons */,
				3DC722FB15B05B5400D2D71C /* splash */,
			);
			name = Resources;
			sourceTree = "<group>";
		};
		3DC722E415B05B5400D2D71C /* en.lproj */ = {
			isa = PBXGroup;
			children = (
				3DC722E515B05B5400D2D71C /* Localizable.strings */,
			);
			name = en.lproj;
			sourceTree = "<group>";
		};
		3DC722E815B05B5400D2D71C /* es.lproj */ = {
			isa = PBXGroup;
			children = (
				3DC722E915B05B5400D2D71C /* Localizable.strings */,
			);
			name = es.lproj;
			sourceTree = "<group>";
		};
		3DC722EC15B05B5400D2D71C /* de.lproj */ = {
			isa = PBXGroup;
			children = (
				3DC722ED15B05B5400D2D71C /* Localizable.strings */,
			);
			name = de.lproj;
			sourceTree = "<group>";
		};
		3DC722F015B05B5400D2D71C /* se.lproj */ = {
			isa = PBXGroup;
			children = (
				3DC722F115B05B5400D2D71C /* Localizable.strings */,
			);
			name = se.lproj;
			sourceTree = "<group>";
		};
		3DC722F415B05B5400D2D71C /* icons */ = {
			isa = PBXGroup;
			children = (
				3DC722F515B05B5400D2D71C /* icon.png */,
				3DC722F715B05B5400D2D71C /* icon@2x.png */,
				3DC722F915B05B5400D2D71C /* icon-72.png */,
			);
			name = icons;
			sourceTree = "<group>";
		};
		3DC722FB15B05B5400D2D71C /* splash */ = {
			isa = PBXGroup;
			children = (
				3DC722FC15B05B5400D2D71C /* Default~iphone.png */,
				3DC722FE15B05B5400D2D71C /* Default@2x~iphone.png */,
			);
			name = splash;
			sourceTree = "<group>";
		};
		3DC7230415B05B5400D2D71C /* Classes */ = {
			isa = PBXGroup;
			children = (
				3DC7230515B05B5400D2D71C /* AppDelegate.h */,
				3DC7230615B05B5400D2D71C /* AppDelegate.m */,
				3DC7230815B05B5400D2D71C /* MainViewController.h */,
				3DC7230915B05B5400D2D71C /* MainViewController.m */,
			);
			name = Classes;
			sourceTree = "<group>";
		};
		3DC7230D15B05B5400D2D71C /* Plugins */ = {
			isa = PBXGroup;
			children = (
				3DC7230E15B05B5400D2D71C /* README */,
			);
			name = Plugins;
			sourceTree = "<group>";
		};
/* End PBXGroup section */

/* Begin PBXNativeTarget section */
		3DC722B915B05B5400D2D71C /* Auphonic */ = {
			isa = PBXNativeTarget;
			buildConfigurationList = 3DC7231215B05B5400D2D71C /* Build configuration list for PBXNativeTarget "Auphonic" */;
			buildPhases = (
				3DC722B315B05B5400D2D71C /* Sources */,
				3DC722B415B05B5400D2D71C /* Frameworks */,
				3DC722B515B05B5400D2D71C /* Resources */,
				3DC722B615B05B5400D2D71C /* Sources */,
				3DC722B715B05B5400D2D71C /* Frameworks */,
			);
			buildRules = (
			);
			dependencies = (
			);
			name = Auphonic;
			productName = Auphonic;
			productReference = 3DC722BA15B05B5400D2D71C /* Auphonic.app */;
			productType = "com.apple.product-type.application";
		};
/* End PBXNativeTarget section */

/* Begin PBXProject section */
		3DC722AE15B05B5400D2D71C /* Project object */ = {
			isa = PBXProject;
			attributes = {
				LastUpgradeCheck = 0440;
				ORGANIZATIONNAME = "Christoph Pojer";
			};
			buildConfigurationList = 3DC722B115B05B5400D2D71C /* Build configuration list for PBXProject "Auphonic" */;
			compatibilityVersion = "Xcode 3.2";
			developmentRegion = English;
			hasScannedForEncodings = 0;
			knownRegions = (
				en,
				es,
				de,
				se,
			);
			mainGroup = 3DC722AC15B05B5400D2D71C;
			productRefGroup = 3DC722BB15B05B5400D2D71C /* Products */;
			projectDirPath = "";
			projectRoot = "";
			targets = (
				3DC722B915B05B5400D2D71C /* Auphonic */,
			);
		};
/* End PBXProject section */

/* Begin PBXResourcesBuildPhase section */
		3DC722B515B05B5400D2D71C /* Resources */ = {
			isa = PBXResourcesBuildPhase;
			buildActionMask = 2147483647;
			files = (
				3DC722DD15B05B5400D2D71C /* InfoPlist.strings in Resources */,
				3DC722E715B05B5400D2D71C /* Localizable.strings in Resources */,
				3DC722FA15B05B5400D2D71C /* icon-72.png in Resources */,
				3DC7230115B05B5400D2D71C /* Capture.bundle in Resources */,
				3DC7230315B05B5400D2D71C /* Cordova.plist in Resources */,
				3DC7230C15B05B5400D2D71C /* MainViewController.xib in Resources */,
				3DC7231615B05B6A00D2D71C /* App in Resources */,
				3DA1475415B05E6B00B629CF /* icon.png in Resources */,
				3DA1475715B05E7D00B629CF /* icon@2x.png in Resources */,
				3DA1475915B05F8B00B629CF /* Default.png in Resources */,
				3DA1475B15B05F9300B629CF /* Default@2x.png in Resources */,
			);
			runOnlyForDeploymentPostprocessing = 0;
		};
/* End PBXResourcesBuildPhase section */

/* Begin PBXSourcesBuildPhase section */
		3DC722B315B05B5400D2D71C /* Sources */ = {
			isa = PBXSourcesBuildPhase;
			buildActionMask = 2147483647;
			files = (
				3DC722DF15B05B5400D2D71C /* main.m in Sources */,
				3DC7230715B05B5400D2D71C /* AppDelegate.m in Sources */,
				3DC7230A15B05B5400D2D71C /* MainViewController.m in Sources */,
			);
			runOnlyForDeploymentPostprocessing = 0;
		};
		3DC722B615B05B5400D2D71C /* Sources */ = {
			isa = PBXSourcesBuildPhase;
			buildActionMask = 2147483647;
			files = (
			);
			runOnlyForDeploymentPostprocessing = 0;
		};
/* End PBXSourcesBuildPhase section */

/* Begin PBXVariantGroup section */
		3DC722DB15B05B5400D2D71C /* InfoPlist.strings */ = {
			isa = PBXVariantGroup;
			children = (
				3DC722DC15B05B5400D2D71C /* en */,
			);
			name = InfoPlist.strings;
			sourceTree = "<group>";
		};
		3DC722E515B05B5400D2D71C /* Localizable.strings */ = {
			isa = PBXVariantGroup;
			children = (
				3DC722E615B05B5400D2D71C /* en */,
			);
			name = Localizable.strings;
			sourceTree = "<group>";
		};
		3DC722E915B05B5400D2D71C /* Localizable.strings */ = {
			isa = PBXVariantGroup;
			children = (
				3DC722EA15B05B5400D2D71C /* es */,
			);
			name = Localizable.strings;
			sourceTree = "<group>";
		};
		3DC722ED15B05B5400D2D71C /* Localizable.strings */ = {
			isa = PBXVariantGroup;
			children = (
				3DC722EE15B05B5400D2D71C /* de */,
			);
			name = Localizable.strings;
			sourceTree = "<group>";
		};
		3DC722F115B05B5400D2D71C /* Localizable.strings */ = {
			isa = PBXVariantGroup;
			children = (
				3DC722F215B05B5400D2D71C /* se */,
			);
			name = Localizable.strings;
			sourceTree = "<group>";
		};
/* End PBXVariantGroup section */

/* Begin XCBuildConfiguration section */
		3DC7231015B05B5400D2D71C /* Debug */ = {
			isa = XCBuildConfiguration;
			buildSettings = {
				ALWAYS_SEARCH_USER_PATHS = NO;
				ARCHS = (
					armv6,
					"$(ARCHS_STANDARD_32_BIT)",
				);
				CLANG_CXX_LANGUAGE_STANDARD = "gnu++0x";
				CLANG_WARN__DUPLICATE_METHOD_MATCH = YES;
				"CODE_SIGN_IDENTITY[sdk=iphoneos*]" = "iPhone Developer";
				COPY_PHASE_STRIP = NO;
				GCC_C_LANGUAGE_STANDARD = gnu99;
				GCC_DYNAMIC_NO_PIC = NO;
				GCC_OPTIMIZATION_LEVEL = 0;
				GCC_PREPROCESSOR_DEFINITIONS = (
					"DEBUG=1",
					"$(inherited)",
				);
				GCC_SYMBOLS_PRIVATE_EXTERN = NO;
				GCC_THUMB_SUPPORT = NO;
				GCC_VERSION = com.apple.compilers.llvm.clang.1_0;
				GCC_WARN_ABOUT_RETURN_TYPE = YES;
				GCC_WARN_UNINITIALIZED_AUTOS = YES;
				GCC_WARN_UNUSED_VARIABLE = YES;
				IPHONEOS_DEPLOYMENT_TARGET = 3.0;
				SDKROOT = iphoneos;
			};
			name = Debug;
		};
		3DC7231115B05B5400D2D71C /* Release */ = {
			isa = XCBuildConfiguration;
			buildSettings = {
				ALWAYS_SEARCH_USER_PATHS = NO;
				ARCHS = (
					armv6,
					"$(ARCHS_STANDARD_32_BIT)",
				);
				CLANG_CXX_LANGUAGE_STANDARD = "gnu++0x";
				CLANG_WARN__DUPLICATE_METHOD_MATCH = YES;
				"CODE_SIGN_IDENTITY[sdk=iphoneos*]" = "iPhone Developer";
				COPY_PHASE_STRIP = YES;
				GCC_C_LANGUAGE_STANDARD = gnu99;
				GCC_THUMB_SUPPORT = NO;
				GCC_VERSION = com.apple.compilers.llvm.clang.1_0;
				GCC_WARN_ABOUT_RETURN_TYPE = YES;
				GCC_WARN_UNINITIALIZED_AUTOS = YES;
				GCC_WARN_UNUSED_VARIABLE = YES;
				IPHONEOS_DEPLOYMENT_TARGET = 3.0;
				SDKROOT = iphoneos;
				VALIDATE_PRODUCT = YES;
			};
			name = Release;
		};
		3DC7231315B05B5400D2D71C /* Debug */ = {
			isa = XCBuildConfiguration;
			buildSettings = {
				ALWAYS_SEARCH_USER_PATHS = YES;
				COPY_PHASE_STRIP = NO;
				FRAMEWORK_SEARCH_PATHS = /Users/Shared/Cordova/Frameworks;
				GCC_DYNAMIC_NO_PIC = NO;
				GCC_PRECOMPILE_PREFIX_HEADER = YES;
				GCC_PREFIX_HEADER = "Auphonic/Auphonic-Prefix.pch";
				GCC_PREPROCESSOR_DEFINITIONS = (
					"DEBUG=1,",
					"CORDOVA_FRAMEWORK=1",
				);
				GCC_THUMB_SUPPORT = NO;
				INFOPLIST_FILE = "Auphonic/Auphonic-Info.plist";
				IPHONEOS_DEPLOYMENT_TARGET = 5.0;
				OTHER_LDFLAGS = (
					"-weak_framework",
					UIKit,
					"-weak_framework",
					AVFoundation,
					"-weak_framework",
					CoreMedia,
					"-weak-lSystem",
				);
				PRODUCT_NAME = "$(TARGET_NAME)";
				TARGETED_DEVICE_FAMILY = 1;
				WRAPPER_EXTENSION = app;
			};
			name = Debug;
		};
		3DC7231415B05B5400D2D71C /* Release */ = {
			isa = XCBuildConfiguration;
			buildSettings = {
				ALWAYS_SEARCH_USER_PATHS = YES;
				COPY_PHASE_STRIP = YES;
				DEBUG_INFORMATION_FORMAT = "dwarf-with-dsym";
				FRAMEWORK_SEARCH_PATHS = /Users/Shared/Cordova/Frameworks;
				GCC_PRECOMPILE_PREFIX_HEADER = YES;
				GCC_PREFIX_HEADER = "Auphonic/Auphonic-Prefix.pch";
				GCC_PREPROCESSOR_DEFINITIONS = (
					"NDEBUG=1,",
					"CORDOVA_FRAMEWORK=1",
				);
				GCC_THUMB_SUPPORT = NO;
				INFOPLIST_FILE = "Auphonic/Auphonic-Info.plist";
				IPHONEOS_DEPLOYMENT_TARGET = 5.0;
				OTHER_LDFLAGS = (
					"-weak_framework",
					UIKit,
					"-weak_framework",
					AVFoundation,
					"-weak_framework",
					CoreMedia,
					"-weak-lSystem",
				);
				PRODUCT_NAME = "$(TARGET_NAME)";
				TARGETED_DEVICE_FAMILY = 1;
				VALIDATE_PRODUCT = YES;
				WRAPPER_EXTENSION = app;
			};
			name = Release;
		};
/* End XCBuildConfiguration section */

/* Begin XCConfigurationList section */
		3DC722B115B05B5400D2D71C /* Build configuration list for PBXProject "Auphonic" */ = {
			isa = XCConfigurationList;
			buildConfigurations = (
				3DC7231015B05B5400D2D71C /* Debug */,
				3DC7231115B05B5400D2D71C /* Release */,
			);
			defaultConfigurationIsVisible = 0;
			defaultConfigurationName = Release;
		};
		3DC7231215B05B5400D2D71C /* Build configuration list for PBXNativeTarget "Auphonic" */ = {
			isa = XCConfigurationList;
			buildConfigurations = (
				3DC7231315B05B5400D2D71C /* Debug */,
				3DC7231415B05B5400D2D71C /* Release */,
			);
			defaultConfigurationIsVisible = 0;
			defaultConfigurationName = Release;
		};
/* End XCConfigurationList section */
	};
	rootObject = 3DC722AE15B05B5400D2D71C /* Project object */;
}
