// !$*UTF8*$!
{
	archiveVersion = 1;
	classes = {
	};
	objectVersion = 46;
	objects = {

/* Begin PBXBuildFile section */
		3D67B5321551E22100876377 /* Foundation.framework in Frameworks */ = {isa = PBXBuildFile; fileRef = 3D67B5311551E22100876377 /* Foundation.framework */; };
		3D67B5341551E22100876377 /* UIKit.framework in Frameworks */ = {isa = PBXBuildFile; fileRef = 3D67B5331551E22100876377 /* UIKit.framework */; };
		3D67B5361551E22100876377 /* CoreGraphics.framework in Frameworks */ = {isa = PBXBuildFile; fileRef = 3D67B5351551E22100876377 /* CoreGraphics.framework */; };
		3D67B5381551E22100876377 /* AddressBook.framework in Frameworks */ = {isa = PBXBuildFile; fileRef = 3D67B5371551E22100876377 /* AddressBook.framework */; };
		3D67B53A1551E22100876377 /* AddressBookUI.framework in Frameworks */ = {isa = PBXBuildFile; fileRef = 3D67B5391551E22100876377 /* AddressBookUI.framework */; };
		3D67B53C1551E22100876377 /* AudioToolbox.framework in Frameworks */ = {isa = PBXBuildFile; fileRef = 3D67B53B1551E22100876377 /* AudioToolbox.framework */; };
		3D67B53E1551E22100876377 /* AVFoundation.framework in Frameworks */ = {isa = PBXBuildFile; fileRef = 3D67B53D1551E22100876377 /* AVFoundation.framework */; };
		3D67B5401551E22100876377 /* CoreLocation.framework in Frameworks */ = {isa = PBXBuildFile; fileRef = 3D67B53F1551E22100876377 /* CoreLocation.framework */; };
		3D67B5421551E22100876377 /* MediaPlayer.framework in Frameworks */ = {isa = PBXBuildFile; fileRef = 3D67B5411551E22100876377 /* MediaPlayer.framework */; };
		3D67B5441551E22100876377 /* QuartzCore.framework in Frameworks */ = {isa = PBXBuildFile; fileRef = 3D67B5431551E22100876377 /* QuartzCore.framework */; };
		3D67B5461551E22100876377 /* SystemConfiguration.framework in Frameworks */ = {isa = PBXBuildFile; fileRef = 3D67B5451551E22100876377 /* SystemConfiguration.framework */; };
		3D67B5481551E22100876377 /* MobileCoreServices.framework in Frameworks */ = {isa = PBXBuildFile; fileRef = 3D67B5471551E22100876377 /* MobileCoreServices.framework */; };
		3D67B54A1551E22100876377 /* CoreMedia.framework in Frameworks */ = {isa = PBXBuildFile; fileRef = 3D67B5491551E22100876377 /* CoreMedia.framework */; };
		3D67B5501551E22100876377 /* InfoPlist.strings in Resources */ = {isa = PBXBuildFile; fileRef = 3D67B54E1551E22100876377 /* InfoPlist.strings */; };
		3D67B5521551E22100876377 /* main.m in Sources */ = {isa = PBXBuildFile; fileRef = 3D67B5511551E22100876377 /* main.m */; };
		3D67B5551551E22100876377 /* Cordova.framework in Frameworks */ = {isa = PBXBuildFile; fileRef = 3D67B5541551E22100876377 /* Cordova.framework */; };
		3D67B55A1551E22100876377 /* Localizable.strings in Resources */ = {isa = PBXBuildFile; fileRef = 3D67B5581551E22100876377 /* Localizable.strings */; };
		3D67B55E1551E22100876377 /* Localizable.strings in Resources */ = {isa = PBXBuildFile; fileRef = 3D67B55C1551E22100876377 /* Localizable.strings */; };
		3D67B5621551E22100876377 /* Localizable.strings in Resources */ = {isa = PBXBuildFile; fileRef = 3D67B5601551E22100876377 /* Localizable.strings */; };
		3D67B5661551E22100876377 /* Localizable.strings in Resources */ = {isa = PBXBuildFile; fileRef = 3D67B5641551E22100876377 /* Localizable.strings */; };
		3D67B5691551E22100876377 /* icon.png in Resources */ = {isa = PBXBuildFile; fileRef = 3D67B5681551E22100876377 /* icon.png */; };
		3D67B56B1551E22100876377 /* icon@2x.png in Resources */ = {isa = PBXBuildFile; fileRef = 3D67B56A1551E22100876377 /* icon@2x.png */; };
		3D67B56D1551E22100876377 /* icon-72.png in Resources */ = {isa = PBXBuildFile; fileRef = 3D67B56C1551E22100876377 /* icon-72.png */; };
		3D67B5741551E22100876377 /* Capture.bundle in Resources */ = {isa = PBXBuildFile; fileRef = 3D67B5731551E22100876377 /* Capture.bundle */; };
		3D67B5761551E22100876377 /* Cordova.plist in Resources */ = {isa = PBXBuildFile; fileRef = 3D67B5751551E22100876377 /* Cordova.plist */; };
		3D67B57A1551E22100876377 /* AppDelegate.m in Sources */ = {isa = PBXBuildFile; fileRef = 3D67B5791551E22100876377 /* AppDelegate.m */; };
		3D67B57D1551E22100876377 /* MainViewController.m in Sources */ = {isa = PBXBuildFile; fileRef = 3D67B57C1551E22100876377 /* MainViewController.m */; };
		3D67B57F1551E22100876377 /* MainViewController.xib in Resources */ = {isa = PBXBuildFile; fileRef = 3D67B57E1551E22100876377 /* MainViewController.xib */; };
		3DE49AA2155336AB002C8E0D /* App in Resources */ = {isa = PBXBuildFile; fileRef = 3DE49AA1155336AB002C8E0D /* App */; };
		3DEBA50D1551E44F00EE1B3B /* Default.png in Resources */ = {isa = PBXBuildFile; fileRef = 3DEBA50C1551E44F00EE1B3B /* Default.png */; };
		3DEBA5101551E45700EE1B3B /* Default@2x.png in Resources */ = {isa = PBXBuildFile; fileRef = 3DEBA50F1551E45700EE1B3B /* Default@2x.png */; };
/* End PBXBuildFile section */

/* Begin PBXFileReference section */
		3D67B52D1551E22100876377 /* Auphonic.app */ = {isa = PBXFileReference; explicitFileType = wrapper.application; includeInIndex = 0; path = Auphonic.app; sourceTree = BUILT_PRODUCTS_DIR; };
		3D67B5311551E22100876377 /* Foundation.framework */ = {isa = PBXFileReference; lastKnownFileType = wrapper.framework; name = Foundation.framework; path = System/Library/Frameworks/Foundation.framework; sourceTree = SDKROOT; };
		3D67B5331551E22100876377 /* UIKit.framework */ = {isa = PBXFileReference; lastKnownFileType = wrapper.framework; name = UIKit.framework; path = System/Library/Frameworks/UIKit.framework; sourceTree = SDKROOT; };
		3D67B5351551E22100876377 /* CoreGraphics.framework */ = {isa = PBXFileReference; lastKnownFileType = wrapper.framework; name = CoreGraphics.framework; path = System/Library/Frameworks/CoreGraphics.framework; sourceTree = SDKROOT; };
		3D67B5371551E22100876377 /* AddressBook.framework */ = {isa = PBXFileReference; lastKnownFileType = wrapper.framework; name = AddressBook.framework; path = System/Library/Frameworks/AddressBook.framework; sourceTree = SDKROOT; };
		3D67B5391551E22100876377 /* AddressBookUI.framework */ = {isa = PBXFileReference; lastKnownFileType = wrapper.framework; name = AddressBookUI.framework; path = System/Library/Frameworks/AddressBookUI.framework; sourceTree = SDKROOT; };
		3D67B53B1551E22100876377 /* AudioToolbox.framework */ = {isa = PBXFileReference; lastKnownFileType = wrapper.framework; name = AudioToolbox.framework; path = System/Library/Frameworks/AudioToolbox.framework; sourceTree = SDKROOT; };
		3D67B53D1551E22100876377 /* AVFoundation.framework */ = {isa = PBXFileReference; lastKnownFileType = wrapper.framework; name = AVFoundation.framework; path = System/Library/Frameworks/AVFoundation.framework; sourceTree = SDKROOT; };
		3D67B53F1551E22100876377 /* CoreLocation.framework */ = {isa = PBXFileReference; lastKnownFileType = wrapper.framework; name = CoreLocation.framework; path = System/Library/Frameworks/CoreLocation.framework; sourceTree = SDKROOT; };
		3D67B5411551E22100876377 /* MediaPlayer.framework */ = {isa = PBXFileReference; lastKnownFileType = wrapper.framework; name = MediaPlayer.framework; path = System/Library/Frameworks/MediaPlayer.framework; sourceTree = SDKROOT; };
		3D67B5431551E22100876377 /* QuartzCore.framework */ = {isa = PBXFileReference; lastKnownFileType = wrapper.framework; name = QuartzCore.framework; path = System/Library/Frameworks/QuartzCore.framework; sourceTree = SDKROOT; };
		3D67B5451551E22100876377 /* SystemConfiguration.framework */ = {isa = PBXFileReference; lastKnownFileType = wrapper.framework; name = SystemConfiguration.framework; path = System/Library/Frameworks/SystemConfiguration.framework; sourceTree = SDKROOT; };
		3D67B5471551E22100876377 /* MobileCoreServices.framework */ = {isa = PBXFileReference; lastKnownFileType = wrapper.framework; name = MobileCoreServices.framework; path = System/Library/Frameworks/MobileCoreServices.framework; sourceTree = SDKROOT; };
		3D67B5491551E22100876377 /* CoreMedia.framework */ = {isa = PBXFileReference; lastKnownFileType = wrapper.framework; name = CoreMedia.framework; path = System/Library/Frameworks/CoreMedia.framework; sourceTree = SDKROOT; };
		3D67B54D1551E22100876377 /* Auphonic-Info.plist */ = {isa = PBXFileReference; lastKnownFileType = text.plist.xml; path = "Auphonic-Info.plist"; sourceTree = "<group>"; };
		3D67B54F1551E22100876377 /* en */ = {isa = PBXFileReference; lastKnownFileType = text.plist.strings; name = en; path = en.lproj/InfoPlist.strings; sourceTree = "<group>"; };
		3D67B5511551E22100876377 /* main.m */ = {isa = PBXFileReference; lastKnownFileType = sourcecode.c.objc; path = main.m; sourceTree = "<group>"; };
		3D67B5531551E22100876377 /* Auphonic-Prefix.pch */ = {isa = PBXFileReference; lastKnownFileType = sourcecode.c.h; path = "Auphonic-Prefix.pch"; sourceTree = "<group>"; };
		3D67B5541551E22100876377 /* Cordova.framework */ = {isa = PBXFileReference; lastKnownFileType = wrapper.framework; name = Cordova.framework; path = /Users/Shared/Cordova/Frameworks/Cordova.framework; sourceTree = "<absolute>"; };
		3D67B5591551E22100876377 /* en */ = {isa = PBXFileReference; lastKnownFileType = text.plist.strings; name = en; path = Resources/en.lproj/Localizable.strings; sourceTree = "<group>"; };
		3D67B55D1551E22100876377 /* es */ = {isa = PBXFileReference; lastKnownFileType = text.plist.strings; name = es; path = Resources/es.lproj/Localizable.strings; sourceTree = "<group>"; };
		3D67B5611551E22100876377 /* de */ = {isa = PBXFileReference; lastKnownFileType = text.plist.strings; name = de; path = Resources/de.lproj/Localizable.strings; sourceTree = "<group>"; };
		3D67B5651551E22100876377 /* se */ = {isa = PBXFileReference; lastKnownFileType = text.plist.strings; name = se; path = Resources/se.lproj/Localizable.strings; sourceTree = "<group>"; };
		3D67B5681551E22100876377 /* icon.png */ = {isa = PBXFileReference; lastKnownFileType = image.png; name = icon.png; path = Resources/icons/icon.png; sourceTree = "<group>"; };
		3D67B56A1551E22100876377 /* icon@2x.png */ = {isa = PBXFileReference; lastKnownFileType = image.png; name = "icon@2x.png"; path = "Resources/icons/icon@2x.png"; sourceTree = "<group>"; };
		3D67B56C1551E22100876377 /* icon-72.png */ = {isa = PBXFileReference; lastKnownFileType = image.png; name = "icon-72.png"; path = "Resources/icons/icon-72.png"; sourceTree = "<group>"; };
		3D67B56F1551E22100876377 /* Default~iphone.png */ = {isa = PBXFileReference; lastKnownFileType = image.png; name = "Default~iphone.png"; path = "Resources/splash/Default~iphone.png"; sourceTree = "<group>"; };
		3D67B5711551E22100876377 /* Default@2x~iphone.png */ = {isa = PBXFileReference; lastKnownFileType = image.png; name = "Default@2x~iphone.png"; path = "Resources/splash/Default@2x~iphone.png"; sourceTree = "<group>"; };
		3D67B5731551E22100876377 /* Capture.bundle */ = {isa = PBXFileReference; lastKnownFileType = "wrapper.plug-in"; name = Capture.bundle; path = Resources/Capture.bundle; sourceTree = "<group>"; };
		3D67B5751551E22100876377 /* Cordova.plist */ = {isa = PBXFileReference; lastKnownFileType = text.plist.xml; path = Cordova.plist; sourceTree = "<group>"; };
		3D67B5781551E22100876377 /* AppDelegate.h */ = {isa = PBXFileReference; lastKnownFileType = sourcecode.c.h; name = AppDelegate.h; path = Classes/AppDelegate.h; sourceTree = "<group>"; };
		3D67B5791551E22100876377 /* AppDelegate.m */ = {isa = PBXFileReference; lastKnownFileType = sourcecode.c.objc; name = AppDelegate.m; path = Classes/AppDelegate.m; sourceTree = "<group>"; };
		3D67B57B1551E22100876377 /* MainViewController.h */ = {isa = PBXFileReference; lastKnownFileType = sourcecode.c.h; name = MainViewController.h; path = Classes/MainViewController.h; sourceTree = "<group>"; };
		3D67B57C1551E22100876377 /* MainViewController.m */ = {isa = PBXFileReference; lastKnownFileType = sourcecode.c.objc; name = MainViewController.m; path = Classes/MainViewController.m; sourceTree = "<group>"; };
		3D67B57E1551E22100876377 /* MainViewController.xib */ = {isa = PBXFileReference; lastKnownFileType = file.xib; name = MainViewController.xib; path = Classes/MainViewController.xib; sourceTree = "<group>"; };
		3D67B5811551E22100876377 /* README */ = {isa = PBXFileReference; lastKnownFileType = text; name = README; path = Plugins/README; sourceTree = "<group>"; };
		3DE49AA1155336AB002C8E0D /* App */ = {isa = PBXFileReference; lastKnownFileType = folder; name = App; path = ../App; sourceTree = "<group>"; };
		3DEBA50C1551E44F00EE1B3B /* Default.png */ = {isa = PBXFileReference; lastKnownFileType = image.png; path = Default.png; sourceTree = "<group>"; };
		3DEBA50F1551E45700EE1B3B /* Default@2x.png */ = {isa = PBXFileReference; lastKnownFileType = image.png; path = "Default@2x.png"; sourceTree = "<group>"; };
/* End PBXFileReference section */

/* Begin PBXFrameworksBuildPhase section */
		3D67B5271551E22100876377 /* Frameworks */ = {
			isa = PBXFrameworksBuildPhase;
			buildActionMask = 2147483647;
			files = (
				3D67B5321551E22100876377 /* Foundation.framework in Frameworks */,
				3D67B5341551E22100876377 /* UIKit.framework in Frameworks */,
				3D67B5361551E22100876377 /* CoreGraphics.framework in Frameworks */,
				3D67B5381551E22100876377 /* AddressBook.framework in Frameworks */,
				3D67B53A1551E22100876377 /* AddressBookUI.framework in Frameworks */,
				3D67B53C1551E22100876377 /* AudioToolbox.framework in Frameworks */,
				3D67B53E1551E22100876377 /* AVFoundation.framework in Frameworks */,
				3D67B5401551E22100876377 /* CoreLocation.framework in Frameworks */,
				3D67B5421551E22100876377 /* MediaPlayer.framework in Frameworks */,
				3D67B5441551E22100876377 /* QuartzCore.framework in Frameworks */,
				3D67B5461551E22100876377 /* SystemConfiguration.framework in Frameworks */,
				3D67B5481551E22100876377 /* MobileCoreServices.framework in Frameworks */,
				3D67B54A1551E22100876377 /* CoreMedia.framework in Frameworks */,
				3D67B5551551E22100876377 /* Cordova.framework in Frameworks */,
			);
			runOnlyForDeploymentPostprocessing = 0;
		};
		3D67B52A1551E22100876377 /* Frameworks */ = {
			isa = PBXFrameworksBuildPhase;
			buildActionMask = 2147483647;
			files = (
			);
			runOnlyForDeploymentPostprocessing = 0;
		};
/* End PBXFrameworksBuildPhase section */

/* Begin PBXGroup section */
		3D67B51F1551E22100876377 = {
			isa = PBXGroup;
			children = (
				3DE49AA1155336AB002C8E0D /* App */,
				3DEBA50F1551E45700EE1B3B /* Default@2x.png */,
				3DEBA50C1551E44F00EE1B3B /* Default.png */,
				3D67B54B1551E22100876377 /* Auphonic */,
				3D67B5301551E22100876377 /* Frameworks */,
				3D67B52E1551E22100876377 /* Products */,
			);
			sourceTree = "<group>";
		};
		3D67B52E1551E22100876377 /* Products */ = {
			isa = PBXGroup;
			children = (
				3D67B52D1551E22100876377 /* Auphonic.app */,
			);
			name = Products;
			sourceTree = "<group>";
		};
		3D67B5301551E22100876377 /* Frameworks */ = {
			isa = PBXGroup;
			children = (
				3D67B5311551E22100876377 /* Foundation.framework */,
				3D67B5331551E22100876377 /* UIKit.framework */,
				3D67B5351551E22100876377 /* CoreGraphics.framework */,
				3D67B5371551E22100876377 /* AddressBook.framework */,
				3D67B5391551E22100876377 /* AddressBookUI.framework */,
				3D67B53B1551E22100876377 /* AudioToolbox.framework */,
				3D67B53D1551E22100876377 /* AVFoundation.framework */,
				3D67B53F1551E22100876377 /* CoreLocation.framework */,
				3D67B5411551E22100876377 /* MediaPlayer.framework */,
				3D67B5431551E22100876377 /* QuartzCore.framework */,
				3D67B5451551E22100876377 /* SystemConfiguration.framework */,
				3D67B5471551E22100876377 /* MobileCoreServices.framework */,
				3D67B5491551E22100876377 /* CoreMedia.framework */,
			);
			name = Frameworks;
			sourceTree = "<group>";
		};
		3D67B54B1551E22100876377 /* Auphonic */ = {
			isa = PBXGroup;
			children = (
				3D67B5541551E22100876377 /* Cordova.framework */,
				3D67B5561551E22100876377 /* Resources */,
				3D67B5771551E22100876377 /* Classes */,
				3D67B5801551E22100876377 /* Plugins */,
				3D67B54C1551E22100876377 /* Supporting Files */,
			);
			path = Auphonic;
			sourceTree = "<group>";
		};
		3D67B54C1551E22100876377 /* Supporting Files */ = {
			isa = PBXGroup;
			children = (
				3D67B54D1551E22100876377 /* Auphonic-Info.plist */,
				3D67B54E1551E22100876377 /* InfoPlist.strings */,
				3D67B5511551E22100876377 /* main.m */,
				3D67B5531551E22100876377 /* Auphonic-Prefix.pch */,
				3D67B5751551E22100876377 /* Cordova.plist */,
				3D67B57E1551E22100876377 /* MainViewController.xib */,
			);
			name = "Supporting Files";
			sourceTree = "<group>";
		};
		3D67B5561551E22100876377 /* Resources */ = {
			isa = PBXGroup;
			children = (
				3D67B5731551E22100876377 /* Capture.bundle */,
				3D67B5571551E22100876377 /* en.lproj */,
				3D67B55B1551E22100876377 /* es.lproj */,
				3D67B55F1551E22100876377 /* de.lproj */,
				3D67B5631551E22100876377 /* se.lproj */,
				3D67B5671551E22100876377 /* icons */,
				3D67B56E1551E22100876377 /* splash */,
			);
			name = Resources;
			sourceTree = "<group>";
		};
		3D67B5571551E22100876377 /* en.lproj */ = {
			isa = PBXGroup;
			children = (
				3D67B5581551E22100876377 /* Localizable.strings */,
			);
			name = en.lproj;
			sourceTree = "<group>";
		};
		3D67B55B1551E22100876377 /* es.lproj */ = {
			isa = PBXGroup;
			children = (
				3D67B55C1551E22100876377 /* Localizable.strings */,
			);
			name = es.lproj;
			sourceTree = "<group>";
		};
		3D67B55F1551E22100876377 /* de.lproj */ = {
			isa = PBXGroup;
			children = (
				3D67B5601551E22100876377 /* Localizable.strings */,
			);
			name = de.lproj;
			sourceTree = "<group>";
		};
		3D67B5631551E22100876377 /* se.lproj */ = {
			isa = PBXGroup;
			children = (
				3D67B5641551E22100876377 /* Localizable.strings */,
			);
			name = se.lproj;
			sourceTree = "<group>";
		};
		3D67B5671551E22100876377 /* icons */ = {
			isa = PBXGroup;
			children = (
				3D67B5681551E22100876377 /* icon.png */,
				3D67B56A1551E22100876377 /* icon@2x.png */,
				3D67B56C1551E22100876377 /* icon-72.png */,
			);
			name = icons;
			sourceTree = "<group>";
		};
		3D67B56E1551E22100876377 /* splash */ = {
			isa = PBXGroup;
			children = (
				3D67B56F1551E22100876377 /* Default~iphone.png */,
				3D67B5711551E22100876377 /* Default@2x~iphone.png */,
			);
			name = splash;
			sourceTree = "<group>";
		};
		3D67B5771551E22100876377 /* Classes */ = {
			isa = PBXGroup;
			children = (
				3D67B5781551E22100876377 /* AppDelegate.h */,
				3D67B5791551E22100876377 /* AppDelegate.m */,
				3D67B57B1551E22100876377 /* MainViewController.h */,
				3D67B57C1551E22100876377 /* MainViewController.m */,
			);
			name = Classes;
			sourceTree = "<group>";
		};
		3D67B5801551E22100876377 /* Plugins */ = {
			isa = PBXGroup;
			children = (
				3D67B5811551E22100876377 /* README */,
			);
			name = Plugins;
			sourceTree = "<group>";
		};
/* End PBXGroup section */

/* Begin PBXNativeTarget section */
		3D67B52C1551E22100876377 /* Auphonic */ = {
			isa = PBXNativeTarget;
			buildConfigurationList = 3D67B5861551E22100876377 /* Build configuration list for PBXNativeTarget "Auphonic" */;
			buildPhases = (
				3D67B5261551E22100876377 /* Sources */,
				3D67B5271551E22100876377 /* Frameworks */,
				3D67B5281551E22100876377 /* Resources */,
				3D67B5291551E22100876377 /* Sources */,
				3D67B52A1551E22100876377 /* Frameworks */,
			);
			buildRules = (
			);
			dependencies = (
			);
			name = Auphonic;
			productName = Auphonic;
			productReference = 3D67B52D1551E22100876377 /* Auphonic.app */;
			productType = "com.apple.product-type.application";
		};
/* End PBXNativeTarget section */

/* Begin PBXProject section */
		3D67B5211551E22100876377 /* Project object */ = {
			isa = PBXProject;
			attributes = {
				LastUpgradeCheck = 0430;
			};
			buildConfigurationList = 3D67B5241551E22100876377 /* Build configuration list for PBXProject "Auphonic" */;
			compatibilityVersion = "Xcode 3.2";
			developmentRegion = English;
			hasScannedForEncodings = 0;
			knownRegions = (
				en,
				es,
				de,
				se,
			);
			mainGroup = 3D67B51F1551E22100876377;
			productRefGroup = 3D67B52E1551E22100876377 /* Products */;
			projectDirPath = "";
			projectRoot = "";
			targets = (
				3D67B52C1551E22100876377 /* Auphonic */,
			);
		};
/* End PBXProject section */

/* Begin PBXResourcesBuildPhase section */
		3D67B5281551E22100876377 /* Resources */ = {
			isa = PBXResourcesBuildPhase;
			buildActionMask = 2147483647;
			files = (
				3D67B5501551E22100876377 /* InfoPlist.strings in Resources */,
				3D67B55A1551E22100876377 /* Localizable.strings in Resources */,
				3D67B55E1551E22100876377 /* Localizable.strings in Resources */,
				3D67B5621551E22100876377 /* Localizable.strings in Resources */,
				3D67B5661551E22100876377 /* Localizable.strings in Resources */,
				3D67B5691551E22100876377 /* icon.png in Resources */,
				3D67B56B1551E22100876377 /* icon@2x.png in Resources */,
				3D67B56D1551E22100876377 /* icon-72.png in Resources */,
				3D67B5741551E22100876377 /* Capture.bundle in Resources */,
				3D67B5761551E22100876377 /* Cordova.plist in Resources */,
				3D67B57F1551E22100876377 /* MainViewController.xib in Resources */,
				3DEBA50D1551E44F00EE1B3B /* Default.png in Resources */,
				3DEBA5101551E45700EE1B3B /* Default@2x.png in Resources */,
				3DE49AA2155336AB002C8E0D /* App in Resources */,
			);
			runOnlyForDeploymentPostprocessing = 0;
		};
/* End PBXResourcesBuildPhase section */

/* Begin PBXSourcesBuildPhase section */
		3D67B5261551E22100876377 /* Sources */ = {
			isa = PBXSourcesBuildPhase;
			buildActionMask = 2147483647;
			files = (
				3D67B5521551E22100876377 /* main.m in Sources */,
				3D67B57A1551E22100876377 /* AppDelegate.m in Sources */,
				3D67B57D1551E22100876377 /* MainViewController.m in Sources */,
			);
			runOnlyForDeploymentPostprocessing = 0;
		};
		3D67B5291551E22100876377 /* Sources */ = {
			isa = PBXSourcesBuildPhase;
			buildActionMask = 2147483647;
			files = (
			);
			runOnlyForDeploymentPostprocessing = 0;
		};
/* End PBXSourcesBuildPhase section */

/* Begin PBXVariantGroup section */
		3D67B54E1551E22100876377 /* InfoPlist.strings */ = {
			isa = PBXVariantGroup;
			children = (
				3D67B54F1551E22100876377 /* en */,
			);
			name = InfoPlist.strings;
			sourceTree = "<group>";
		};
		3D67B5581551E22100876377 /* Localizable.strings */ = {
			isa = PBXVariantGroup;
			children = (
				3D67B5591551E22100876377 /* en */,
			);
			name = Localizable.strings;
			sourceTree = "<group>";
		};
		3D67B55C1551E22100876377 /* Localizable.strings */ = {
			isa = PBXVariantGroup;
			children = (
				3D67B55D1551E22100876377 /* es */,
			);
			name = Localizable.strings;
			sourceTree = "<group>";
		};
		3D67B5601551E22100876377 /* Localizable.strings */ = {
			isa = PBXVariantGroup;
			children = (
				3D67B5611551E22100876377 /* de */,
			);
			name = Localizable.strings;
			sourceTree = "<group>";
		};
		3D67B5641551E22100876377 /* Localizable.strings */ = {
			isa = PBXVariantGroup;
			children = (
				3D67B5651551E22100876377 /* se */,
			);
			name = Localizable.strings;
			sourceTree = "<group>";
		};
/* End PBXVariantGroup section */

/* Begin XCBuildConfiguration section */
		3D67B5841551E22100876377 /* Debug */ = {
			isa = XCBuildConfiguration;
			buildSettings = {
				ALWAYS_SEARCH_USER_PATHS = NO;
				ARCHS = (
					armv6,
					"$(ARCHS_STANDARD_32_BIT)",
				);
				"CODE_SIGN_IDENTITY[sdk=iphoneos*]" = "iPhone Developer";
				COPY_PHASE_STRIP = NO;
				GCC_C_LANGUAGE_STANDARD = gnu99;
				GCC_DYNAMIC_NO_PIC = NO;
				GCC_OPTIMIZATION_LEVEL = 0;
				GCC_PREPROCESSOR_DEFINITIONS = (
					"DEBUG=1",
					"$(inherited)",
				);
				GCC_SYMBOLS_PRIVATE_EXTERN = NO;
				GCC_THUMB_SUPPORT = NO;
				GCC_VERSION = com.apple.compilers.llvm.clang.1_0;
				GCC_WARN_ABOUT_RETURN_TYPE = YES;
				GCC_WARN_UNINITIALIZED_AUTOS = YES;
				GCC_WARN_UNUSED_VARIABLE = YES;
				IPHONEOS_DEPLOYMENT_TARGET = 3.0;
				SDKROOT = iphoneos;
			};
			name = Debug;
		};
		3D67B5851551E22100876377 /* Release */ = {
			isa = XCBuildConfiguration;
			buildSettings = {
				ALWAYS_SEARCH_USER_PATHS = NO;
				ARCHS = (
					armv6,
					"$(ARCHS_STANDARD_32_BIT)",
				);
				"CODE_SIGN_IDENTITY[sdk=iphoneos*]" = "iPhone Developer";
				COPY_PHASE_STRIP = YES;
				GCC_C_LANGUAGE_STANDARD = gnu99;
				GCC_THUMB_SUPPORT = NO;
				GCC_VERSION = com.apple.compilers.llvm.clang.1_0;
				GCC_WARN_ABOUT_RETURN_TYPE = YES;
				GCC_WARN_UNINITIALIZED_AUTOS = YES;
				GCC_WARN_UNUSED_VARIABLE = YES;
				IPHONEOS_DEPLOYMENT_TARGET = 3.0;
				SDKROOT = iphoneos;
				VALIDATE_PRODUCT = YES;
			};
			name = Release;
		};
		3D67B5871551E22100876377 /* Debug */ = {
			isa = XCBuildConfiguration;
			buildSettings = {
				ALWAYS_SEARCH_USER_PATHS = YES;
				COPY_PHASE_STRIP = NO;
				FRAMEWORK_SEARCH_PATHS = /Users/Shared/Cordova/Frameworks;
				GCC_DYNAMIC_NO_PIC = NO;
				GCC_PRECOMPILE_PREFIX_HEADER = YES;
				GCC_PREFIX_HEADER = "Auphonic/Auphonic-Prefix.pch";
				GCC_PREPROCESSOR_DEFINITIONS = (
					"DEBUG=1,",
					"CORDOVA_FRAMEWORK=1",
				);
				GCC_THUMB_SUPPORT = NO;
				INFOPLIST_FILE = "Auphonic/Auphonic-Info.plist";
				IPHONEOS_DEPLOYMENT_TARGET = 5.0;
				OTHER_LDFLAGS = (
					"-weak_framework",
					UIKit,
					"-weak_framework",
					AVFoundation,
					"-weak_framework",
					CoreMedia,
					"-weak_library",
					/usr/lib/libSystem.B.dylib,
				);
				PRODUCT_NAME = "$(TARGET_NAME)";
				TARGETED_DEVICE_FAMILY = 1;
				WRAPPER_EXTENSION = app;
			};
			name = Debug;
		};
		3D67B5881551E22100876377 /* Release */ = {
			isa = XCBuildConfiguration;
			buildSettings = {
				ALWAYS_SEARCH_USER_PATHS = YES;
				COPY_PHASE_STRIP = YES;
				DEBUG_INFORMATION_FORMAT = "dwarf-with-dsym";
				FRAMEWORK_SEARCH_PATHS = /Users/Shared/Cordova/Frameworks;
				GCC_PRECOMPILE_PREFIX_HEADER = YES;
				GCC_PREFIX_HEADER = "Auphonic/Auphonic-Prefix.pch";
				GCC_PREPROCESSOR_DEFINITIONS = (
					"NDEBUG=1,",
					"CORDOVA_FRAMEWORK=1",
				);
				GCC_THUMB_SUPPORT = NO;
				INFOPLIST_FILE = "Auphonic/Auphonic-Info.plist";
				IPHONEOS_DEPLOYMENT_TARGET = 5.0;
				OTHER_LDFLAGS = (
					"-weak_framework",
					UIKit,
					"-weak_framework",
					AVFoundation,
					"-weak_framework",
					CoreMedia,
					"-weak_library",
					/usr/lib/libSystem.B.dylib,
				);
				PRODUCT_NAME = "$(TARGET_NAME)";
				TARGETED_DEVICE_FAMILY = 1;
				VALIDATE_PRODUCT = YES;
				WRAPPER_EXTENSION = app;
			};
			name = Release;
		};
/* End XCBuildConfiguration section */

/* Begin XCConfigurationList section */
		3D67B5241551E22100876377 /* Build configuration list for PBXProject "Auphonic" */ = {
			isa = XCConfigurationList;
			buildConfigurations = (
				3D67B5841551E22100876377 /* Debug */,
				3D67B5851551E22100876377 /* Release */,
			);
			defaultConfigurationIsVisible = 0;
			defaultConfigurationName = Release;
		};
		3D67B5861551E22100876377 /* Build configuration list for PBXNativeTarget "Auphonic" */ = {
			isa = XCConfigurationList;
			buildConfigurations = (
				3D67B5871551E22100876377 /* Debug */,
				3D67B5881551E22100876377 /* Release */,
			);
			defaultConfigurationIsVisible = 0;
			defaultConfigurationName = Release;
		};
/* End XCConfigurationList section */
	};
	rootObject = 3D67B5211551E22100876377 /* Project object */;
}
